
Microsoft Visual Studio Solution File, Format Version 12.00
# Visual Studio Version 17
Project("{2150E333-8FDC-42A3-9474-1A3956D46DE8}") = "CMakePredefinedTargets", "CMakePredefinedTargets", "{EF9F615D-B710-30D7-AA58-3E49F8B09D0A}"
EndProject
Project("{2150E333-8FDC-42A3-9474-1A3956D46DE8}") = "GLFW3", "GLFW3", "{B9BCCEF6-47E3-32A6-8E84-2F613AA06379}"
EndProject
Project("{2150E333-8FDC-42A3-9474-1A3956D46DE8}") = "Examples", "GLFW3\Examples", "{B238C555-0490-3263-A817-C172F439EE45}"
EndProject
Project("{2150E333-8FDC-42A3-9474-1A3956D46DE8}") = "Tests", "GLFW3\Tests", "{FB15E98C-CE99-3ABA-A62E-D0561D9183A1}"
EndProject
Project("{8BC9CEB8-8B4A-11D0-8D11-00A0C91BC942}") = "ALL_BUILD", "ALL_BUILD.vcxproj", "{D19E3B5D-99A1-3F55-996F-DA32FC631FC9}"
	ProjectSection(ProjectDependencies) = postProject
		{C929A130-CF04-3611-A5E0-80A15D891F9F} = {C929A130-CF04-3611-A5E0-80A15D891F9F}
		{04CC0C8F-94BA-3C0C-B7C7-390A3951557D} = {04CC0C8F-94BA-3C0C-B7C7-390A3951557D}
		{302A1862-973E-311D-9D4A-74567FC039C2} = {302A1862-973E-311D-9D4A-74567FC039C2}
		{2E97DFBE-3B31-3EA3-B37C-8E152DF2A34A} = {2E97DFBE-3B31-3EA3-B37C-8E152DF2A34A}
		{DA6F3D59-5EAB-3F6F-8966-25FD8E45845E} = {DA6F3D59-5EAB-3F6F-8966-25FD8E45845E}
		{7447F179-AD6A-33F4-98F5-CA2DC2CD2FAE} = {7447F179-AD6A-33F4-98F5-CA2DC2CD2FAE}
		{DA726157-6BAC-300D-8EC0-683B78CFB424} = {DA726157-6BAC-300D-8EC0-683B78CFB424}
		{F246AE14-26CF-3DCE-B15E-4D048BB4D35B} = {F246AE14-26CF-3DCE-B15E-4D048BB4D35B}
		{BD6D1684-F99D-33E8-B7F1-5396D26AD5D4} = {BD6D1684-F99D-33E8-B7F1-5396D26AD5D4}
		{405C8E8E-4C8E-3D6F-83BB-96CACF7364E1} = {405C8E8E-4C8E-3D6F-83BB-96CACF7364E1}
		{C9D97CA5-02FD-3996-A2DB-63CF7A1278A5} = {C9D97CA5-02FD-3996-A2DB-63CF7A1278A5}
		{D58BB8A8-41B8-3B79-A075-ABC0C4285EC5} = {D58BB8A8-41B8-3B79-A075-ABC0C4285EC5}
		{8F9BF26D-F506-335B-A23C-89F5BFE6EB00} = {8F9BF26D-F506-335B-A23C-89F5BFE6EB00}
		{8E5DC16D-6354-3DD4-AACE-8F205DD0EB14} = {8E5DC16D-6354-3DD4-AACE-8F205DD0EB14}
		{9122F2A9-339D-3C6D-A84E-1CB9A06D7127} = {9122F2A9-339D-3C6D-A84E-1CB9A06D7127}
		{EA96DEAE-AC4C-3D0C-94CE-A58BD26D9951} = {EA96DEAE-AC4C-3D0C-94CE-A58BD26D9951}
		{4C8722ED-34F8-31CA-A043-95E4512D21B7} = {4C8722ED-34F8-31CA-A043-95E4512D21B7}
		{B5A2C820-BC37-3EBD-A3D2-5DEE28477541} = {B5A2C820-BC37-3EBD-A3D2-5DEE28477541}
		{9F89598E-74E9-3F1D-BFCB-E51463D94D7A} = {9F89598E-74E9-3F1D-BFCB-E51463D94D7A}
		{277CBE72-78AE-37C9-BDBE-9C7D4B6A226B} = {277CBE72-78AE-37C9-BDBE-9C7D4B6A226B}
		{99D1487B-C523-3584-9578-ADB1321C6E36} = {99D1487B-C523-3584-9578-ADB1321C6E36}
		{DD593A22-655F-3266-A400-0A76D364D1EE} = {DD593A22-655F-3266-A400-0A76D364D1EE}
		{8EF24DF8-AFFB-3B01-9AF1-E2CFC0CB4F16} = {8EF24DF8-AFFB-3B01-9AF1-E2CFC0CB4F16}
		{B58B5EE7-B37A-3961-BF55-510098636A8E} = {B58B5EE7-B37A-3961-BF55-510098636A8E}
		{FD232EB5-CA57-324F-85CC-51E8AC8BA804} = {FD232EB5-CA57-324F-85CC-51E8AC8BA804}
		{986EC0FA-531D-32B8-BF3B-D322B342DA10} = {986EC0FA-531D-32B8-BF3B-D322B342DA10}
		{4AE41F85-74DB-3A48-85F6-3318F96599AB} = {4AE41F85-74DB-3A48-85F6-3318F96599AB}
		{CE587858-7549-3E9B-84C8-AE9302CCCC87} = {CE587858-7549-3E9B-84C8-AE9302CCCC87}
		{F653CCEE-FD7C-3185-A4B2-82DF6C635B2D} = {F653CCEE-FD7C-3185-A4B2-82DF6C635B2D}
		{A728C602-1F99-3CB0-83F1-F341DA81CE31} = {A728C602-1F99-3CB0-83F1-F341DA81CE31}
		{233F9BDC-3E3F-397C-8025-192AD164F3CD} = {233F9BDC-3E3F-397C-8025-192AD164F3CD}
	EndProjectSection
EndProject
Project("{8BC9CEB8-8B4A-11D0-8D11-00A0C91BC942}") = "INSTALL", "INSTALL.vcxproj", "{DAAFE079-7173-34CF-A3C2-3367E2B26A5D}"
	ProjectSection(ProjectDependencies) = postProject
		{D19E3B5D-99A1-3F55-996F-DA32FC631FC9} = {D19E3B5D-99A1-3F55-996F-DA32FC631FC9}
		{C929A130-CF04-3611-A5E0-80A15D891F9F} = {C929A130-CF04-3611-A5E0-80A15D891F9F}
	EndProjectSection
EndProject
Project("{8BC9CEB8-8B4A-11D0-8D11-00A0C91BC942}") = "ZERO_CHECK", "ZERO_CHECK.vcxproj", "{C929A130-CF04-3611-A5E0-80A15D891F9F}"
	ProjectSection(ProjectDependencies) = postProject
	EndProjectSection
EndProject
Project("{8BC9CEB8-8B4A-11D0-8D11-00A0C91BC942}") = "boing", "examples\boing.vcxproj", "{04CC0C8F-94BA-3C0C-B7C7-390A3951557D}"
	ProjectSection(ProjectDependencies) = postProject
		{C929A130-CF04-3611-A5E0-80A15D891F9F} = {C929A130-CF04-3611-A5E0-80A15D891F9F}
		{BD6D1684-F99D-33E8-B7F1-5396D26AD5D4} = {BD6D1684-F99D-33E8-B7F1-5396D26AD5D4}
	EndProjectSection
EndProject
Project("{8BC9CEB8-8B4A-11D0-8D11-00A0C91BC942}") = "clipboard", "tests\clipboard.vcxproj", "{302A1862-973E-311D-9D4A-74567FC039C2}"
	ProjectSection(ProjectDependencies) = postProject
		{C929A130-CF04-3611-A5E0-80A15D891F9F} = {C929A130-CF04-3611-A5E0-80A15D891F9F}
		{BD6D1684-F99D-33E8-B7F1-5396D26AD5D4} = {BD6D1684-F99D-33E8-B7F1-5396D26AD5D4}
	EndProjectSection
EndProject
Project("{8BC9CEB8-8B4A-11D0-8D11-00A0C91BC942}") = "cursor", "tests\cursor.vcxproj", "{2E97DFBE-3B31-3EA3-B37C-8E152DF2A34A}"
	ProjectSection(ProjectDependencies) = postProject
		{C929A130-CF04-3611-A5E0-80A15D891F9F} = {C929A130-CF04-3611-A5E0-80A15D891F9F}
		{BD6D1684-F99D-33E8-B7F1-5396D26AD5D4} = {BD6D1684-F99D-33E8-B7F1-5396D26AD5D4}
	EndProjectSection
EndProject
Project("{8BC9CEB8-8B4A-11D0-8D11-00A0C91BC942}") = "empty", "tests\empty.vcxproj", "{DA6F3D59-5EAB-3F6F-8966-25FD8E45845E}"
	ProjectSection(ProjectDependencies) = postProject
		{C929A130-CF04-3611-A5E0-80A15D891F9F} = {C929A130-CF04-3611-A5E0-80A15D891F9F}
		{BD6D1684-F99D-33E8-B7F1-5396D26AD5D4} = {BD6D1684-F99D-33E8-B7F1-5396D26AD5D4}
	EndProjectSection
EndProject
Project("{8BC9CEB8-8B4A-11D0-8D11-00A0C91BC942}") = "events", "tests\events.vcxproj", "{7447F179-AD6A-33F4-98F5-CA2DC2CD2FAE}"
	ProjectSection(ProjectDependencies) = postProject
		{C929A130-CF04-3611-A5E0-80A15D891F9F} = {C929A130-CF04-3611-A5E0-80A15D891F9F}
		{BD6D1684-F99D-33E8-B7F1-5396D26AD5D4} = {BD6D1684-F99D-33E8-B7F1-5396D26AD5D4}
	EndProjectSection
EndProject
Project("{8BC9CEB8-8B4A-11D0-8D11-00A0C91BC942}") = "gamma", "tests\gamma.vcxproj", "{DA726157-6BAC-300D-8EC0-683B78CFB424}"
	ProjectSection(ProjectDependencies) = postProject
		{C929A130-CF04-3611-A5E0-80A15D891F9F} = {C929A130-CF04-3611-A5E0-80A15D891F9F}
		{BD6D1684-F99D-33E8-B7F1-5396D26AD5D4} = {BD6D1684-F99D-33E8-B7F1-5396D26AD5D4}
	EndProjectSection
EndProject
Project("{8BC9CEB8-8B4A-11D0-8D11-00A0C91BC942}") = "gears", "examples\gears.vcxproj", "{F246AE14-26CF-3DCE-B15E-4D048BB4D35B}"
	ProjectSection(ProjectDependencies) = postProject
		{C929A130-CF04-3611-A5E0-80A15D891F9F} = {C929A130-CF04-3611-A5E0-80A15D891F9F}
		{BD6D1684-F99D-33E8-B7F1-5396D26AD5D4} = {BD6D1684-F99D-33E8-B7F1-5396D26AD5D4}
	EndProjectSection
EndProject
Project("{8BC9CEB8-8B4A-11D0-8D11-00A0C91BC942}") = "glfw", "src\glfw.vcxproj", "{BD6D1684-F99D-33E8-B7F1-5396D26AD5D4}"
	ProjectSection(ProjectDependencies) = postProject
		{C929A130-CF04-3611-A5E0-80A15D891F9F} = {C929A130-CF04-3611-A5E0-80A15D891F9F}
	EndProjectSection
EndProject
Project("{8BC9CEB8-8B4A-11D0-8D11-00A0C91BC942}") = "glfwinfo", "tests\glfwinfo.vcxproj", "{405C8E8E-4C8E-3D6F-83BB-96CACF7364E1}"
	ProjectSection(ProjectDependencies) = postProject
		{C929A130-CF04-3611-A5E0-80A15D891F9F} = {C929A130-CF04-3611-A5E0-80A15D891F9F}
		{BD6D1684-F99D-33E8-B7F1-5396D26AD5D4} = {BD6D1684-F99D-33E8-B7F1-5396D26AD5D4}
	EndProjectSection
EndProject
Project("{8BC9CEB8-8B4A-11D0-8D11-00A0C91BC942}") = "heightmap", "examples\heightmap.vcxproj", "{C9D97CA5-02FD-3996-A2DB-63CF7A1278A5}"
	ProjectSection(ProjectDependencies) = postProject
		{C929A130-CF04-3611-A5E0-80A15D891F9F} = {C929A130-CF04-3611-A5E0-80A15D891F9F}
		{BD6D1684-F99D-33E8-B7F1-5396D26AD5D4} = {BD6D1684-F99D-33E8-B7F1-5396D26AD5D4}
	EndProjectSection
EndProject
Project("{8BC9CEB8-8B4A-11D0-8D11-00A0C91BC942}") = "icon", "tests\icon.vcxproj", "{D58BB8A8-41B8-3B79-A075-ABC0C4285EC5}"
	ProjectSection(ProjectDependencies) = postProject
		{C929A130-CF04-3611-A5E0-80A15D891F9F} = {C929A130-CF04-3611-A5E0-80A15D891F9F}
		{BD6D1684-F99D-33E8-B7F1-5396D26AD5D4} = {BD6D1684-F99D-33E8-B7F1-5396D26AD5D4}
	EndProjectSection
EndProject
Project("{8BC9CEB8-8B4A-11D0-8D11-00A0C91BC942}") = "iconify", "tests\iconify.vcxproj", "{8F9BF26D-F506-335B-A23C-89F5BFE6EB00}"
	ProjectSection(ProjectDependencies) = postProject
		{C929A130-CF04-3611-A5E0-80A15D891F9F} = {C929A130-CF04-3611-A5E0-80A15D891F9F}
		{BD6D1684-F99D-33E8-B7F1-5396D26AD5D4} = {BD6D1684-F99D-33E8-B7F1-5396D26AD5D4}
	EndProjectSection
EndProject
Project("{8BC9CEB8-8B4A-11D0-8D11-00A0C91BC942}") = "inputlag", "tests\inputlag.vcxproj", "{8E5DC16D-6354-3DD4-AACE-8F205DD0EB14}"
	ProjectSection(ProjectDependencies) = postProject
		{C929A130-CF04-3611-A5E0-80A15D891F9F} = {C929A130-CF04-3611-A5E0-80A15D891F9F}
		{BD6D1684-F99D-33E8-B7F1-5396D26AD5D4} = {BD6D1684-F99D-33E8-B7F1-5396D26AD5D4}
	EndProjectSection
EndProject
Project("{8BC9CEB8-8B4A-11D0-8D11-00A0C91BC942}") = "joysticks", "tests\joysticks.vcxproj", "{9122F2A9-339D-3C6D-A84E-1CB9A06D7127}"
	ProjectSection(ProjectDependencies) = postProject
		{C929A130-CF04-3611-A5E0-80A15D891F9F} = {C929A130-CF04-3611-A5E0-80A15D891F9F}
		{BD6D1684-F99D-33E8-B7F1-5396D26AD5D4} = {BD6D1684-F99D-33E8-B7F1-5396D26AD5D4}
	EndProjectSection
EndProject
Project("{8BC9CEB8-8B4A-11D0-8D11-00A0C91BC942}") = "monitors", "tests\monitors.vcxproj", "{EA96DEAE-AC4C-3D0C-94CE-A58BD26D9951}"
	ProjectSection(ProjectDependencies) = postProject
		{C929A130-CF04-3611-A5E0-80A15D891F9F} = {C929A130-CF04-3611-A5E0-80A15D891F9F}
		{BD6D1684-F99D-33E8-B7F1-5396D26AD5D4} = {BD6D1684-F99D-33E8-B7F1-5396D26AD5D4}
	EndProjectSection
EndProject
Project("{8BC9CEB8-8B4A-11D0-8D11-00A0C91BC942}") = "msaa", "tests\msaa.vcxproj", "{4C8722ED-34F8-31CA-A043-95E4512D21B7}"
	ProjectSection(ProjectDependencies) = postProject
		{C929A130-CF04-3611-A5E0-80A15D891F9F} = {C929A130-CF04-3611-A5E0-80A15D891F9F}
		{BD6D1684-F99D-33E8-B7F1-5396D26AD5D4} = {BD6D1684-F99D-33E8-B7F1-5396D26AD5D4}
	EndProjectSection
EndProject
Project("{8BC9CEB8-8B4A-11D0-8D11-00A0C91BC942}") = "offscreen", "examples\offscreen.vcxproj", "{B5A2C820-BC37-3EBD-A3D2-5DEE28477541}"
	ProjectSection(ProjectDependencies) = postProject
		{C929A130-CF04-3611-A5E0-80A15D891F9F} = {C929A130-CF04-3611-A5E0-80A15D891F9F}
		{BD6D1684-F99D-33E8-B7F1-5396D26AD5D4} = {BD6D1684-F99D-33E8-B7F1-5396D26AD5D4}
	EndProjectSection
EndProject
Project("{8BC9CEB8-8B4A-11D0-8D11-00A0C91BC942}") = "opacity", "tests\opacity.vcxproj", "{9F89598E-74E9-3F1D-BFCB-E51463D94D7A}"
	ProjectSection(ProjectDependencies) = postProject
		{C929A130-CF04-3611-A5E0-80A15D891F9F} = {C929A130-CF04-3611-A5E0-80A15D891F9F}
		{BD6D1684-F99D-33E8-B7F1-5396D26AD5D4} = {BD6D1684-F99D-33E8-B7F1-5396D26AD5D4}
	EndProjectSection
EndProject
Project("{8BC9CEB8-8B4A-11D0-8D11-00A0C91BC942}") = "particles", "examples\particles.vcxproj", "{277CBE72-78AE-37C9-BDBE-9C7D4B6A226B}"
	ProjectSection(ProjectDependencies) = postProject
		{C929A130-CF04-3611-A5E0-80A15D891F9F} = {C929A130-CF04-3611-A5E0-80A15D891F9F}
		{BD6D1684-F99D-33E8-B7F1-5396D26AD5D4} = {BD6D1684-F99D-33E8-B7F1-5396D26AD5D4}
	EndProjectSection
EndProject
Project("{8BC9CEB8-8B4A-11D0-8D11-00A0C91BC942}") = "reopen", "tests\reopen.vcxproj", "{99D1487B-C523-3584-9578-ADB1321C6E36}"
	ProjectSection(ProjectDependencies) = postProject
		{C929A130-CF04-3611-A5E0-80A15D891F9F} = {C929A130-CF04-3611-A5E0-80A15D891F9F}
		{BD6D1684-F99D-33E8-B7F1-5396D26AD5D4} = {BD6D1684-F99D-33E8-B7F1-5396D26AD5D4}
	EndProjectSection
EndProject
Project("{8BC9CEB8-8B4A-11D0-8D11-00A0C91BC942}") = "sharing", "examples\sharing.vcxproj", "{DD593A22-655F-3266-A400-0A76D364D1EE}"
	ProjectSection(ProjectDependencies) = postProject
		{C929A130-CF04-3611-A5E0-80A15D891F9F} = {C929A130-CF04-3611-A5E0-80A15D891F9F}
		{BD6D1684-F99D-33E8-B7F1-5396D26AD5D4} = {BD6D1684-F99D-33E8-B7F1-5396D26AD5D4}
	EndProjectSection
EndProject
Project("{8BC9CEB8-8B4A-11D0-8D11-00A0C91BC942}") = "simple", "examples\simple.vcxproj", "{8EF24DF8-AFFB-3B01-9AF1-E2CFC0CB4F16}"
	ProjectSection(ProjectDependencies) = postProject
		{C929A130-CF04-3611-A5E0-80A15D891F9F} = {C929A130-CF04-3611-A5E0-80A15D891F9F}
		{BD6D1684-F99D-33E8-B7F1-5396D26AD5D4} = {BD6D1684-F99D-33E8-B7F1-5396D26AD5D4}
	EndProjectSection
EndProject
Project("{8BC9CEB8-8B4A-11D0-8D11-00A0C91BC942}") = "splitview", "examples\splitview.vcxproj", "{B58B5EE7-B37A-3961-BF55-510098636A8E}"
	ProjectSection(ProjectDependencies) = postProject
		{C929A130-CF04-3611-A5E0-80A15D891F9F} = {C929A130-CF04-3611-A5E0-80A15D891F9F}
		{BD6D1684-F99D-33E8-B7F1-5396D26AD5D4} = {BD6D1684-F99D-33E8-B7F1-5396D26AD5D4}
	EndProjectSection
EndProject
Project("{8BC9CEB8-8B4A-11D0-8D11-00A0C91BC942}") = "tearing", "tests\tearing.vcxproj", "{FD232EB5-CA57-324F-85CC-51E8AC8BA804}"
	ProjectSection(ProjectDependencies) = postProject
		{C929A130-CF04-3611-A5E0-80A15D891F9F} = {C929A130-CF04-3611-A5E0-80A15D891F9F}
		{BD6D1684-F99D-33E8-B7F1-5396D26AD5D4} = {BD6D1684-F99D-33E8-B7F1-5396D26AD5D4}
	EndProjectSection
EndProject
Project("{8BC9CEB8-8B4A-11D0-8D11-00A0C91BC942}") = "threads", "tests\threads.vcxproj", "{986EC0FA-531D-32B8-BF3B-D322B342DA10}"
	ProjectSection(ProjectDependencies) = postProject
		{C929A130-CF04-3611-A5E0-80A15D891F9F} = {C929A130-CF04-3611-A5E0-80A15D891F9F}
		{BD6D1684-F99D-33E8-B7F1-5396D26AD5D4} = {BD6D1684-F99D-33E8-B7F1-5396D26AD5D4}
	EndProjectSection
EndProject
Project("{8BC9CEB8-8B4A-11D0-8D11-00A0C91BC942}") = "timeout", "tests\timeout.vcxproj", "{4AE41F85-74DB-3A48-85F6-3318F96599AB}"
	ProjectSection(ProjectDependencies) = postProject
		{C929A130-CF04-3611-A5E0-80A15D891F9F} = {C929A130-CF04-3611-A5E0-80A15D891F9F}
		{BD6D1684-F99D-33E8-B7F1-5396D26AD5D4} = {BD6D1684-F99D-33E8-B7F1-5396D26AD5D4}
	EndProjectSection
EndProject
Project("{8BC9CEB8-8B4A-11D0-8D11-00A0C91BC942}") = "title", "tests\title.vcxproj", "{CE587858-7549-3E9B-84C8-AE9302CCCC87}"
	ProjectSection(ProjectDependencies) = postProject
		{C929A130-CF04-3611-A5E0-80A15D891F9F} = {C929A130-CF04-3611-A5E0-80A15D891F9F}
		{BD6D1684-F99D-33E8-B7F1-5396D26AD5D4} = {BD6D1684-F99D-33E8-B7F1-5396D26AD5D4}
	EndProjectSection
EndProject
Project("{8BC9CEB8-8B4A-11D0-8D11-00A0C91BC942}") = "triangle-vulkan", "tests\triangle-vulkan.vcxproj", "{F653CCEE-FD7C-3185-A4B2-82DF6C635B2D}"
	ProjectSection(ProjectDependencies) = postProject
		{C929A130-CF04-3611-A5E0-80A15D891F9F} = {C929A130-CF04-3611-A5E0-80A15D891F9F}
		{BD6D1684-F99D-33E8-B7F1-5396D26AD5D4} = {BD6D1684-F99D-33E8-B7F1-5396D26AD5D4}
	EndProjectSection
EndProject
Project("{8BC9CEB8-8B4A-11D0-8D11-00A0C91BC942}") = "uninstall", "uninstall.vcxproj", "{395B1C04-ABE2-36A3-8109-39DF7CDD6975}"
	ProjectSection(ProjectDependencies) = postProject
		{C929A130-CF04-3611-A5E0-80A15D891F9F} = {C929A130-CF04-3611-A5E0-80A15D891F9F}
	EndProjectSection
EndProject
Project("{8BC9CEB8-8B4A-11D0-8D11-00A0C91BC942}") = "update_mappings", "src\update_mappings.vcxproj", "{3CCCB108-B37C-34E9-A977-F466A0D68F60}"
	ProjectSection(ProjectDependencies) = postProject
		{C929A130-CF04-3611-A5E0-80A15D891F9F} = {C929A130-CF04-3611-A5E0-80A15D891F9F}
	EndProjectSection
EndProject
Project("{8BC9CEB8-8B4A-11D0-8D11-00A0C91BC942}") = "wave", "examples\wave.vcxproj", "{A728C602-1F99-3CB0-83F1-F341DA81CE31}"
	ProjectSection(ProjectDependencies) = postProject
		{C929A130-CF04-3611-A5E0-80A15D891F9F} = {C929A130-CF04-3611-A5E0-80A15D891F9F}
		{BD6D1684-F99D-33E8-B7F1-5396D26AD5D4} = {BD6D1684-F99D-33E8-B7F1-5396D26AD5D4}
	EndProjectSection
EndProject
Project("{8BC9CEB8-8B4A-11D0-8D11-00A0C91BC942}") = "windows", "tests\windows.vcxproj", "{233F9BDC-3E3F-397C-8025-192AD164F3CD}"
	ProjectSection(ProjectDependencies) = postProject
		{C929A130-CF04-3611-A5E0-80A15D891F9F} = {C929A130-CF04-3611-A5E0-80A15D891F9F}
		{BD6D1684-F99D-33E8-B7F1-5396D26AD5D4} = {BD6D1684-F99D-33E8-B7F1-5396D26AD5D4}
	EndProjectSection
EndProject
Global
	GlobalSection(SolutionConfigurationPlatforms) = preSolution
		Debug|x64 = Debug|x64
		Release|x64 = Release|x64
		MinSizeRel|x64 = MinSizeRel|x64
		RelWithDebInfo|x64 = RelWithDebInfo|x64
	EndGlobalSection
	GlobalSection(ProjectConfigurationPlatforms) = postSolution
		{D19E3B5D-99A1-3F55-996F-DA32FC631FC9}.Debug|x64.ActiveCfg = Debug|x64
		{D19E3B5D-99A1-3F55-996F-DA32FC631FC9}.Debug|x64.Build.0 = Debug|x64
		{D19E3B5D-99A1-3F55-996F-DA32FC631FC9}.Release|x64.ActiveCfg = Release|x64
		{D19E3B5D-99A1-3F55-996F-DA32FC631FC9}.Release|x64.Build.0 = Release|x64
		{D19E3B5D-99A1-3F55-996F-DA32FC631FC9}.MinSizeRel|x64.ActiveCfg = MinSizeRel|x64
		{D19E3B5D-99A1-3F55-996F-DA32FC631FC9}.MinSizeRel|x64.Build.0 = MinSizeRel|x64
		{D19E3B5D-99A1-3F55-996F-DA32FC631FC9}.RelWithDebInfo|x64.ActiveCfg = RelWithDebInfo|x64
		{D19E3B5D-99A1-3F55-996F-DA32FC631FC9}.RelWithDebInfo|x64.Build.0 = RelWithDebInfo|x64
		{DAAFE079-7173-34CF-A3C2-3367E2B26A5D}.Debug|x64.ActiveCfg = Debug|x64
		{DAAFE079-7173-34CF-A3C2-3367E2B26A5D}.Release|x64.ActiveCfg = Release|x64
		{DAAFE079-7173-34CF-A3C2-3367E2B26A5D}.MinSizeRel|x64.ActiveCfg = MinSizeRel|x64
		{DAAFE079-7173-34CF-A3C2-3367E2B26A5D}.RelWithDebInfo|x64.ActiveCfg = RelWithDebInfo|x64
		{C929A130-CF04-3611-A5E0-80A15D891F9F}.Debug|x64.ActiveCfg = Debug|x64
		{C929A130-CF04-3611-A5E0-80A15D891F9F}.Debug|x64.Build.0 = Debug|x64
		{C929A130-CF04-3611-A5E0-80A15D891F9F}.Release|x64.ActiveCfg = Release|x64
		{C929A130-CF04-3611-A5E0-80A15D891F9F}.Release|x64.Build.0 = Release|x64
		{C929A130-CF04-3611-A5E0-80A15D891F9F}.MinSizeRel|x64.ActiveCfg = MinSizeRel|x64
		{C929A130-CF04-3611-A5E0-80A15D891F9F}.MinSizeRel|x64.Build.0 = MinSizeRel|x64
		{C929A130-CF04-3611-A5E0-80A15D891F9F}.RelWithDebInfo|x64.ActiveCfg = RelWithDebInfo|x64
		{C929A130-CF04-3611-A5E0-80A15D891F9F}.RelWithDebInfo|x64.Build.0 = RelWithDebInfo|x64
		{04CC0C8F-94BA-3C0C-B7C7-390A3951557D}.Debug|x64.ActiveCfg = Debug|x64
		{04CC0C8F-94BA-3C0C-B7C7-390A3951557D}.Debug|x64.Build.0 = Debug|x64
		{04CC0C8F-94BA-3C0C-B7C7-390A3951557D}.Release|x64.ActiveCfg = Release|x64
		{04CC0C8F-94BA-3C0C-B7C7-390A3951557D}.Release|x64.Build.0 = Release|x64
		{04CC0C8F-94BA-3C0C-B7C7-390A3951557D}.MinSizeRel|x64.ActiveCfg = MinSizeRel|x64
		{04CC0C8F-94BA-3C0C-B7C7-390A3951557D}.MinSizeRel|x64.Build.0 = MinSizeRel|x64
		{04CC0C8F-94BA-3C0C-B7C7-390A3951557D}.RelWithDebInfo|x64.ActiveCfg = RelWithDebInfo|x64
		{04CC0C8F-94BA-3C0C-B7C7-390A3951557D}.RelWithDebInfo|x64.Build.0 = RelWithDebInfo|x64
		{302A1862-973E-311D-9D4A-74567FC039C2}.Debug|x64.ActiveCfg = Debug|x64
		{302A1862-973E-311D-9D4A-74567FC039C2}.Debug|x64.Build.0 = Debug|x64
		{302A1862-973E-311D-9D4A-74567FC039C2}.Release|x64.ActiveCfg = Release|x64
		{302A1862-973E-311D-9D4A-74567FC039C2}.Release|x64.Build.0 = Release|x64
		{302A1862-973E-311D-9D4A-74567FC039C2}.MinSizeRel|x64.ActiveCfg = MinSizeRel|x64
		{302A1862-973E-311D-9D4A-74567FC039C2}.MinSizeRel|x64.Build.0 = MinSizeRel|x64
		{302A1862-973E-311D-9D4A-74567FC039C2}.RelWithDebInfo|x64.ActiveCfg = RelWithDebInfo|x64
		{302A1862-973E-311D-9D4A-74567FC039C2}.RelWithDebInfo|x64.Build.0 = RelWithDebInfo|x64
		{2E97DFBE-3B31-3EA3-B37C-8E152DF2A34A}.Debug|x64.ActiveCfg = Debug|x64
		{2E97DFBE-3B31-3EA3-B37C-8E152DF2A34A}.Debug|x64.Build.0 = Debug|x64
		{2E97DFBE-3B31-3EA3-B37C-8E152DF2A34A}.Release|x64.ActiveCfg = Release|x64
		{2E97DFBE-3B31-3EA3-B37C-8E152DF2A34A}.Release|x64.Build.0 = Release|x64
		{2E97DFBE-3B31-3EA3-B37C-8E152DF2A34A}.MinSizeRel|x64.ActiveCfg = MinSizeRel|x64
		{2E97DFBE-3B31-3EA3-B37C-8E152DF2A34A}.MinSizeRel|x64.Build.0 = MinSizeRel|x64
		{2E97DFBE-3B31-3EA3-B37C-8E152DF2A34A}.RelWithDebInfo|x64.ActiveCfg = RelWithDebInfo|x64
		{2E97DFBE-3B31-3EA3-B37C-8E152DF2A34A}.RelWithDebInfo|x64.Build.0 = RelWithDebInfo|x64
		{DA6F3D59-5EAB-3F6F-8966-25FD8E45845E}.Debug|x64.ActiveCfg = Debug|x64
		{DA6F3D59-5EAB-3F6F-8966-25FD8E45845E}.Debug|x64.Build.0 = Debug|x64
		{DA6F3D59-5EAB-3F6F-8966-25FD8E45845E}.Release|x64.ActiveCfg = Release|x64
		{DA6F3D59-5EAB-3F6F-8966-25FD8E45845E}.Release|x64.Build.0 = Release|x64
		{DA6F3D59-5EAB-3F6F-8966-25FD8E45845E}.MinSizeRel|x64.ActiveCfg = MinSizeRel|x64
		{DA6F3D59-5EAB-3F6F-8966-25FD8E45845E}.MinSizeRel|x64.Build.0 = MinSizeRel|x64
		{DA6F3D59-5EAB-3F6F-8966-25FD8E45845E}.RelWithDebInfo|x64.ActiveCfg = RelWithDebInfo|x64
		{DA6F3D59-5EAB-3F6F-8966-25FD8E45845E}.RelWithDebInfo|x64.Build.0 = RelWithDebInfo|x64
		{7447F179-AD6A-33F4-98F5-CA2DC2CD2FAE}.Debug|x64.ActiveCfg = Debug|x64
		{7447F179-AD6A-33F4-98F5-CA2DC2CD2FAE}.Debug|x64.Build.0 = Debug|x64
		{7447F179-AD6A-33F4-98F5-CA2DC2CD2FAE}.Release|x64.ActiveCfg = Release|x64
		{7447F179-AD6A-33F4-98F5-CA2DC2CD2FAE}.Release|x64.Build.0 = Release|x64
		{7447F179-AD6A-33F4-98F5-CA2DC2CD2FAE}.MinSizeRel|x64.ActiveCfg = MinSizeRel|x64
		{7447F179-AD6A-33F4-98F5-CA2DC2CD2FAE}.MinSizeRel|x64.Build.0 = MinSizeRel|x64
		{7447F179-AD6A-33F4-98F5-CA2DC2CD2FAE}.RelWithDebInfo|x64.ActiveCfg = RelWithDebInfo|x64
		{7447F179-AD6A-33F4-98F5-CA2DC2CD2FAE}.RelWithDebInfo|x64.Build.0 = RelWithDebInfo|x64
		{DA726157-6BAC-300D-8EC0-683B78CFB424}.Debug|x64.ActiveCfg = Debug|x64
		{DA726157-6BAC-300D-8EC0-683B78CFB424}.Debug|x64.Build.0 = Debug|x64
		{DA726157-6BAC-300D-8EC0-683B78CFB424}.Release|x64.ActiveCfg = Release|x64
		{DA726157-6BAC-300D-8EC0-683B78CFB424}.Release|x64.Build.0 = Release|x64
		{DA726157-6BAC-300D-8EC0-683B78CFB424}.MinSizeRel|x64.ActiveCfg = MinSizeRel|x64
		{DA726157-6BAC-300D-8EC0-683B78CFB424}.MinSizeRel|x64.Build.0 = MinSizeRel|x64
		{DA726157-6BAC-300D-8EC0-683B78CFB424}.RelWithDebInfo|x64.ActiveCfg = RelWithDebInfo|x64
		{DA726157-6BAC-300D-8EC0-683B78CFB424}.RelWithDebInfo|x64.Build.0 = RelWithDebInfo|x64
		{F246AE14-26CF-3DCE-B15E-4D048BB4D35B}.Debug|x64.ActiveCfg = Debug|x64
		{F246AE14-26CF-3DCE-B15E-4D048BB4D35B}.Debug|x64.Build.0 = Debug|x64
		{F246AE14-26CF-3DCE-B15E-4D048BB4D35B}.Release|x64.ActiveCfg = Release|x64
		{F246AE14-26CF-3DCE-B15E-4D048BB4D35B}.Release|x64.Build.0 = Release|x64
		{F246AE14-26CF-3DCE-B15E-4D048BB4D35B}.MinSizeRel|x64.ActiveCfg = MinSizeRel|x64
		{F246AE14-26CF-3DCE-B15E-4D048BB4D35B}.MinSizeRel|x64.Build.0 = MinSizeRel|x64
		{F246AE14-26CF-3DCE-B15E-4D048BB4D35B}.RelWithDebInfo|x64.ActiveCfg = RelWithDebInfo|x64
		{F246AE14-26CF-3DCE-B15E-4D048BB4D35B}.RelWithDebInfo|x64.Build.0 = RelWithDebInfo|x64
		{BD6D1684-F99D-33E8-B7F1-5396D26AD5D4}.Debug|x64.ActiveCfg = Debug|x64
		{BD6D1684-F99D-33E8-B7F1-5396D26AD5D4}.Debug|x64.Build.0 = Debug|x64
		{BD6D1684-F99D-33E8-B7F1-5396D26AD5D4}.Release|x64.ActiveCfg = Release|x64
		{BD6D1684-F99D-33E8-B7F1-5396D26AD5D4}.Release|x64.Build.0 = Release|x64
		{BD6D1684-F99D-33E8-B7F1-5396D26AD5D4}.MinSizeRel|x64.ActiveCfg = MinSizeRel|x64
		{BD6D1684-F99D-33E8-B7F1-5396D26AD5D4}.MinSizeRel|x64.Build.0 = MinSizeRel|x64
		{BD6D1684-F99D-33E8-B7F1-5396D26AD5D4}.RelWithDebInfo|x64.ActiveCfg = RelWithDebInfo|x64
		{BD6D1684-F99D-33E8-B7F1-5396D26AD5D4}.RelWithDebInfo|x64.Build.0 = RelWithDebInfo|x64
		{405C8E8E-4C8E-3D6F-83BB-96CACF7364E1}.Debug|x64.ActiveCfg = Debug|x64
		{405C8E8E-4C8E-3D6F-83BB-96CACF7364E1}.Debug|x64.Build.0 = Debug|x64
		{405C8E8E-4C8E-3D6F-83BB-96CACF7364E1}.Release|x64.ActiveCfg = Release|x64
		{405C8E8E-4C8E-3D6F-83BB-96CACF7364E1}.Release|x64.Build.0 = Release|x64
		{405C8E8E-4C8E-3D6F-83BB-96CACF7364E1}.MinSizeRel|x64.ActiveCfg = MinSizeRel|x64
		{405C8E8E-4C8E-3D6F-83BB-96CACF7364E1}.MinSizeRel|x64.Build.0 = MinSizeRel|x64
		{405C8E8E-4C8E-3D6F-83BB-96CACF7364E1}.RelWithDebInfo|x64.ActiveCfg = RelWithDebInfo|x64
		{405C8E8E-4C8E-3D6F-83BB-96CACF7364E1}.RelWithDebInfo|x64.Build.0 = RelWithDebInfo|x64
		{C9D97CA5-02FD-3996-A2DB-63CF7A1278A5}.Debug|x64.ActiveCfg = Debug|x64
		{C9D97CA5-02FD-3996-A2DB-63CF7A1278A5}.Debug|x64.Build.0 = Debug|x64
		{C9D97CA5-02FD-3996-A2DB-63CF7A1278A5}.Release|x64.ActiveCfg = Release|x64
		{C9D97CA5-02FD-3996-A2DB-63CF7A1278A5}.Release|x64.Build.0 = Release|x64
		{C9D97CA5-02FD-3996-A2DB-63CF7A1278A5}.MinSizeRel|x64.ActiveCfg = MinSizeRel|x64
		{C9D97CA5-02FD-3996-A2DB-63CF7A1278A5}.MinSizeRel|x64.Build.0 = MinSizeRel|x64
		{C9D97CA5-02FD-3996-A2DB-63CF7A1278A5}.RelWithDebInfo|x64.ActiveCfg = RelWithDebInfo|x64
		{C9D97CA5-02FD-3996-A2DB-63CF7A1278A5}.RelWithDebInfo|x64.Build.0 = RelWithDebInfo|x64
		{D58BB8A8-41B8-3B79-A075-ABC0C4285EC5}.Debug|x64.ActiveCfg = Debug|x64
		{D58BB8A8-41B8-3B79-A075-ABC0C4285EC5}.Debug|x64.Build.0 = Debug|x64
		{D58BB8A8-41B8-3B79-A075-ABC0C4285EC5}.Release|x64.ActiveCfg = Release|x64
		{D58BB8A8-41B8-3B79-A075-ABC0C4285EC5}.Release|x64.Build.0 = Release|x64
		{D58BB8A8-41B8-3B79-A075-ABC0C4285EC5}.MinSizeRel|x64.ActiveCfg = MinSizeRel|x64
		{D58BB8A8-41B8-3B79-A075-ABC0C4285EC5}.MinSizeRel|x64.Build.0 = MinSizeRel|x64
		{D58BB8A8-41B8-3B79-A075-ABC0C4285EC5}.RelWithDebInfo|x64.ActiveCfg = RelWithDebInfo|x64
		{D58BB8A8-41B8-3B79-A075-ABC0C4285EC5}.RelWithDebInfo|x64.Build.0 = RelWithDebInfo|x64
		{8F9BF26D-F506-335B-A23C-89F5BFE6EB00}.Debug|x64.ActiveCfg = Debug|x64
		{8F9BF26D-F506-335B-A23C-89F5BFE6EB00}.Debug|x64.Build.0 = Debug|x64
		{8F9BF26D-F506-335B-A23C-89F5BFE6EB00}.Release|x64.ActiveCfg = Release|x64
		{8F9BF26D-F506-335B-A23C-89F5BFE6EB00}.Release|x64.Build.0 = Release|x64
		{8F9BF26D-F506-335B-A23C-89F5BFE6EB00}.MinSizeRel|x64.ActiveCfg = MinSizeRel|x64
		{8F9BF26D-F506-335B-A23C-89F5BFE6EB00}.MinSizeRel|x64.Build.0 = MinSizeRel|x64
		{8F9BF26D-F506-335B-A23C-89F5BFE6EB00}.RelWithDebInfo|x64.ActiveCfg = RelWithDebInfo|x64
		{8F9BF26D-F506-335B-A23C-89F5BFE6EB00}.RelWithDebInfo|x64.Build.0 = RelWithDebInfo|x64
		{8E5DC16D-6354-3DD4-AACE-8F205DD0EB14}.Debug|x64.ActiveCfg = Debug|x64
		{8E5DC16D-6354-3DD4-AACE-8F205DD0EB14}.Debug|x64.Build.0 = Debug|x64
		{8E5DC16D-6354-3DD4-AACE-8F205DD0EB14}.Release|x64.ActiveCfg = Release|x64
		{8E5DC16D-6354-3DD4-AACE-8F205DD0EB14}.Release|x64.Build.0 = Release|x64
		{8E5DC16D-6354-3DD4-AACE-8F205DD0EB14}.MinSizeRel|x64.ActiveCfg = MinSizeRel|x64
		{8E5DC16D-6354-3DD4-AACE-8F205DD0EB14}.MinSizeRel|x64.Build.0 = MinSizeRel|x64
		{8E5DC16D-6354-3DD4-AACE-8F205DD0EB14}.RelWithDebInfo|x64.ActiveCfg = RelWithDebInfo|x64
		{8E5DC16D-6354-3DD4-AACE-8F205DD0EB14}.RelWithDebInfo|x64.Build.0 = RelWithDebInfo|x64
		{9122F2A9-339D-3C6D-A84E-1CB9A06D7127}.Debug|x64.ActiveCfg = Debug|x64
		{9122F2A9-339D-3C6D-A84E-1CB9A06D7127}.Debug|x64.Build.0 = Debug|x64
		{9122F2A9-339D-3C6D-A84E-1CB9A06D7127}.Release|x64.ActiveCfg = Release|x64
		{9122F2A9-339D-3C6D-A84E-1CB9A06D7127}.Release|x64.Build.0 = Release|x64
		{9122F2A9-339D-3C6D-A84E-1CB9A06D7127}.MinSizeRel|x64.ActiveCfg = MinSizeRel|x64
		{9122F2A9-339D-3C6D-A84E-1CB9A06D7127}.MinSizeRel|x64.Build.0 = MinSizeRel|x64
		{9122F2A9-339D-3C6D-A84E-1CB9A06D7127}.RelWithDebInfo|x64.ActiveCfg = RelWithDebInfo|x64
		{9122F2A9-339D-3C6D-A84E-1CB9A06D7127}.RelWithDebInfo|x64.Build.0 = RelWithDebInfo|x64
		{EA96DEAE-AC4C-3D0C-94CE-A58BD26D9951}.Debug|x64.ActiveCfg = Debug|x64
		{EA96DEAE-AC4C-3D0C-94CE-A58BD26D9951}.Debug|x64.Build.0 = Debug|x64
		{EA96DEAE-AC4C-3D0C-94CE-A58BD26D9951}.Release|x64.ActiveCfg = Release|x64
		{EA96DEAE-AC4C-3D0C-94CE-A58BD26D9951}.Release|x64.Build.0 = Release|x64
		{EA96DEAE-AC4C-3D0C-94CE-A58BD26D9951}.MinSizeRel|x64.ActiveCfg = MinSizeRel|x64
		{EA96DEAE-AC4C-3D0C-94CE-A58BD26D9951}.MinSizeRel|x64.Build.0 = MinSizeRel|x64
		{EA96DEAE-AC4C-3D0C-94CE-A58BD26D9951}.RelWithDebInfo|x64.ActiveCfg = RelWithDebInfo|x64
		{EA96DEAE-AC4C-3D0C-94CE-A58BD26D9951}.RelWithDebInfo|x64.Build.0 = RelWithDebInfo|x64
		{4C8722ED-34F8-31CA-A043-95E4512D21B7}.Debug|x64.ActiveCfg = Debug|x64
		{4C8722ED-34F8-31CA-A043-95E4512D21B7}.Debug|x64.Build.0 = Debug|x64
		{4C8722ED-34F8-31CA-A043-95E4512D21B7}.Release|x64.ActiveCfg = Release|x64
		{4C8722ED-34F8-31CA-A043-95E4512D21B7}.Release|x64.Build.0 = Release|x64
		{4C8722ED-34F8-31CA-A043-95E4512D21B7}.MinSizeRel|x64.ActiveCfg = MinSizeRel|x64
		{4C8722ED-34F8-31CA-A043-95E4512D21B7}.MinSizeRel|x64.Build.0 = MinSizeRel|x64
		{4C8722ED-34F8-31CA-A043-95E4512D21B7}.RelWithDebInfo|x64.ActiveCfg = RelWithDebInfo|x64
		{4C8722ED-34F8-31CA-A043-95E4512D21B7}.RelWithDebInfo|x64.Build.0 = RelWithDebInfo|x64
		{B5A2C820-BC37-3EBD-A3D2-5DEE28477541}.Debug|x64.ActiveCfg = Debug|x64
		{B5A2C820-BC37-3EBD-A3D2-5DEE28477541}.Debug|x64.Build.0 = Debug|x64
		{B5A2C820-BC37-3EBD-A3D2-5DEE28477541}.Release|x64.ActiveCfg = Release|x64
		{B5A2C820-BC37-3EBD-A3D2-5DEE28477541}.Release|x64.Build.0 = Release|x64
		{B5A2C820-BC37-3EBD-A3D2-5DEE28477541}.MinSizeRel|x64.ActiveCfg = MinSizeRel|x64
		{B5A2C820-BC37-3EBD-A3D2-5DEE28477541}.MinSizeRel|x64.Build.0 = MinSizeRel|x64
		{B5A2C820-BC37-3EBD-A3D2-5DEE28477541}.RelWithDebInfo|x64.ActiveCfg = RelWithDebInfo|x64
		{B5A2C820-BC37-3EBD-A3D2-5DEE28477541}.RelWithDebInfo|x64.Build.0 = RelWithDebInfo|x64
		{9F89598E-74E9-3F1D-BFCB-E51463D94D7A}.Debug|x64.ActiveCfg = Debug|x64
		{9F89598E-74E9-3F1D-BFCB-E51463D94D7A}.Debug|x64.Build.0 = Debug|x64
		{9F89598E-74E9-3F1D-BFCB-E51463D94D7A}.Release|x64.ActiveCfg = Release|x64
		{9F89598E-74E9-3F1D-BFCB-E51463D94D7A}.Release|x64.Build.0 = Release|x64
		{9F89598E-74E9-3F1D-BFCB-E51463D94D7A}.MinSizeRel|x64.ActiveCfg = MinSizeRel|x64
		{9F89598E-74E9-3F1D-BFCB-E51463D94D7A}.MinSizeRel|x64.Build.0 = MinSizeRel|x64
		{9F89598E-74E9-3F1D-BFCB-E51463D94D7A}.RelWithDebInfo|x64.ActiveCfg = RelWithDebInfo|x64
		{9F89598E-74E9-3F1D-BFCB-E51463D94D7A}.RelWithDebInfo|x64.Build.0 = RelWithDebInfo|x64
		{277CBE72-78AE-37C9-BDBE-9C7D4B6A226B}.Debug|x64.ActiveCfg = Debug|x64
		{277CBE72-78AE-37C9-BDBE-9C7D4B6A226B}.Debug|x64.Build.0 = Debug|x64
		{277CBE72-78AE-37C9-BDBE-9C7D4B6A226B}.Release|x64.ActiveCfg = Release|x64
		{277CBE72-78AE-37C9-BDBE-9C7D4B6A226B}.Release|x64.Build.0 = Release|x64
		{277CBE72-78AE-37C9-BDBE-9C7D4B6A226B}.MinSizeRel|x64.ActiveCfg = MinSizeRel|x64
		{277CBE72-78AE-37C9-BDBE-9C7D4B6A226B}.MinSizeRel|x64.Build.0 = MinSizeRel|x64
		{277CBE72-78AE-37C9-BDBE-9C7D4B6A226B}.RelWithDebInfo|x64.ActiveCfg = RelWithDebInfo|x64
		{277CBE72-78AE-37C9-BDBE-9C7D4B6A226B}.RelWithDebInfo|x64.Build.0 = RelWithDebInfo|x64
		{99D1487B-C523-3584-9578-ADB1321C6E36}.Debug|x64.ActiveCfg = Debug|x64
		{99D1487B-C523-3584-9578-ADB1321C6E36}.Debug|x64.Build.0 = Debug|x64
		{99D1487B-C523-3584-9578-ADB1321C6E36}.Release|x64.ActiveCfg = Release|x64
		{99D1487B-C523-3584-9578-ADB1321C6E36}.Release|x64.Build.0 = Release|x64
		{99D1487B-C523-3584-9578-ADB1321C6E36}.MinSizeRel|x64.ActiveCfg = MinSizeRel|x64
		{99D1487B-C523-3584-9578-ADB1321C6E36}.MinSizeRel|x64.Build.0 = MinSizeRel|x64
		{99D1487B-C523-3584-9578-ADB1321C6E36}.RelWithDebInfo|x64.ActiveCfg = RelWithDebInfo|x64
		{99D1487B-C523-3584-9578-ADB1321C6E36}.RelWithDebInfo|x64.Build.0 = RelWithDebInfo|x64
		{DD593A22-655F-3266-A400-0A76D364D1EE}.Debug|x64.ActiveCfg = Debug|x64
		{DD593A22-655F-3266-A400-0A76D364D1EE}.Debug|x64.Build.0 = Debug|x64
		{DD593A22-655F-3266-A400-0A76D364D1EE}.Release|x64.ActiveCfg = Release|x64
		{DD593A22-655F-3266-A400-0A76D364D1EE}.Release|x64.Build.0 = Release|x64
		{DD593A22-655F-3266-A400-0A76D364D1EE}.MinSizeRel|x64.ActiveCfg = MinSizeRel|x64
		{DD593A22-655F-3266-A400-0A76D364D1EE}.MinSizeRel|x64.Build.0 = MinSizeRel|x64
		{DD593A22-655F-3266-A400-0A76D364D1EE}.RelWithDebInfo|x64.ActiveCfg = RelWithDebInfo|x64
		{DD593A22-655F-3266-A400-0A76D364D1EE}.RelWithDebInfo|x64.Build.0 = RelWithDebInfo|x64
		{8EF24DF8-AFFB-3B01-9AF1-E2CFC0CB4F16}.Debug|x64.ActiveCfg = Debug|x64
		{8EF24DF8-AFFB-3B01-9AF1-E2CFC0CB4F16}.Debug|x64.Build.0 = Debug|x64
		{8EF24DF8-AFFB-3B01-9AF1-E2CFC0CB4F16}.Release|x64.ActiveCfg = Release|x64
		{8EF24DF8-AFFB-3B01-9AF1-E2CFC0CB4F16}.Release|x64.Build.0 = Release|x64
		{8EF24DF8-AFFB-3B01-9AF1-E2CFC0CB4F16}.MinSizeRel|x64.ActiveCfg = MinSizeRel|x64
		{8EF24DF8-AFFB-3B01-9AF1-E2CFC0CB4F16}.MinSizeRel|x64.Build.0 = MinSizeRel|x64
		{8EF24DF8-AFFB-3B01-9AF1-E2CFC0CB4F16}.RelWithDebInfo|x64.ActiveCfg = RelWithDebInfo|x64
		{8EF24DF8-AFFB-3B01-9AF1-E2CFC0CB4F16}.RelWithDebInfo|x64.Build.0 = RelWithDebInfo|x64
		{B58B5EE7-B37A-3961-BF55-510098636A8E}.Debug|x64.ActiveCfg = Debug|x64
		{B58B5EE7-B37A-3961-BF55-510098636A8E}.Debug|x64.Build.0 = Debug|x64
		{B58B5EE7-B37A-3961-BF55-510098636A8E}.Release|x64.ActiveCfg = Release|x64
		{B58B5EE7-B37A-3961-BF55-510098636A8E}.Release|x64.Build.0 = Release|x64
		{B58B5EE7-B37A-3961-BF55-510098636A8E}.MinSizeRel|x64.ActiveCfg = MinSizeRel|x64
		{B58B5EE7-B37A-3961-BF55-510098636A8E}.MinSizeRel|x64.Build.0 = MinSizeRel|x64
		{B58B5EE7-B37A-3961-BF55-510098636A8E}.RelWithDebInfo|x64.ActiveCfg = RelWithDebInfo|x64
		{B58B5EE7-B37A-3961-BF55-510098636A8E}.RelWithDebInfo|x64.Build.0 = RelWithDebInfo|x64
		{FD232EB5-CA57-324F-85CC-51E8AC8BA804}.Debug|x64.ActiveCfg = Debug|x64
		{FD232EB5-CA57-324F-85CC-51E8AC8BA804}.Debug|x64.Build.0 = Debug|x64
		{FD232EB5-CA57-324F-85CC-51E8AC8BA804}.Release|x64.ActiveCfg = Release|x64
		{FD232EB5-CA57-324F-85CC-51E8AC8BA804}.Release|x64.Build.0 = Release|x64
		{FD232EB5-CA57-324F-85CC-51E8AC8BA804}.MinSizeRel|x64.ActiveCfg = MinSizeRel|x64
		{FD232EB5-CA57-324F-85CC-51E8AC8BA804}.MinSizeRel|x64.Build.0 = MinSizeRel|x64
		{FD232EB5-CA57-324F-85CC-51E8AC8BA804}.RelWithDebInfo|x64.ActiveCfg = RelWithDebInfo|x64
		{FD232EB5-CA57-324F-85CC-51E8AC8BA804}.RelWithDebInfo|x64.Build.0 = RelWithDebInfo|x64
		{986EC0FA-531D-32B8-BF3B-D322B342DA10}.Debug|x64.ActiveCfg = Debug|x64
		{986EC0FA-531D-32B8-BF3B-D322B342DA10}.Debug|x64.Build.0 = Debug|x64
		{986EC0FA-531D-32B8-BF3B-D322B342DA10}.Release|x64.ActiveCfg = Release|x64
		{986EC0FA-531D-32B8-BF3B-D322B342DA10}.Release|x64.Build.0 = Release|x64
		{986EC0FA-531D-32B8-BF3B-D322B342DA10}.MinSizeRel|x64.ActiveCfg = MinSizeRel|x64
		{986EC0FA-531D-32B8-BF3B-D322B342DA10}.MinSizeRel|x64.Build.0 = MinSizeRel|x64
		{986EC0FA-531D-32B8-BF3B-D322B342DA10}.RelWithDebInfo|x64.ActiveCfg = RelWithDebInfo|x64
		{986EC0FA-531D-32B8-BF3B-D322B342DA10}.RelWithDebInfo|x64.Build.0 = RelWithDebInfo|x64
		{4AE41F85-74DB-3A48-85F6-3318F96599AB}.Debug|x64.ActiveCfg = Debug|x64
		{4AE41F85-74DB-3A48-85F6-3318F96599AB}.Debug|x64.Build.0 = Debug|x64
		{4AE41F85-74DB-3A48-85F6-3318F96599AB}.Release|x64.ActiveCfg = Release|x64
		{4AE41F85-74DB-3A48-85F6-3318F96599AB}.Release|x64.Build.0 = Release|x64
		{4AE41F85-74DB-3A48-85F6-3318F96599AB}.MinSizeRel|x64.ActiveCfg = MinSizeRel|x64
		{4AE41F85-74DB-3A48-85F6-3318F96599AB}.MinSizeRel|x64.Build.0 = MinSizeRel|x64
		{4AE41F85-74DB-3A48-85F6-3318F96599AB}.RelWithDebInfo|x64.ActiveCfg = RelWithDebInfo|x64
		{4AE41F85-74DB-3A48-85F6-3318F96599AB}.RelWithDebInfo|x64.Build.0 = RelWithDebInfo|x64
		{CE587858-7549-3E9B-84C8-AE9302CCCC87}.Debug|x64.ActiveCfg = Debug|x64
		{CE587858-7549-3E9B-84C8-AE9302CCCC87}.Debug|x64.Build.0 = Debug|x64
		{CE587858-7549-3E9B-84C8-AE9302CCCC87}.Release|x64.ActiveCfg = Release|x64
		{CE587858-7549-3E9B-84C8-AE9302CCCC87}.Release|x64.Build.0 = Release|x64
		{CE587858-7549-3E9B-84C8-AE9302CCCC87}.MinSizeRel|x64.ActiveCfg = MinSizeRel|x64
		{CE587858-7549-3E9B-84C8-AE9302CCCC87}.MinSizeRel|x64.Build.0 = MinSizeRel|x64
		{CE587858-7549-3E9B-84C8-AE9302CCCC87}.RelWithDebInfo|x64.ActiveCfg = RelWithDebInfo|x64
		{CE587858-7549-3E9B-84C8-AE9302CCCC87}.RelWithDebInfo|x64.Build.0 = RelWithDebInfo|x64
		{F653CCEE-FD7C-3185-A4B2-82DF6C635B2D}.Debug|x64.ActiveCfg = Debug|x64
		{F653CCEE-FD7C-3185-A4B2-82DF6C635B2D}.Debug|x64.Build.0 = Debug|x64
		{F653CCEE-FD7C-3185-A4B2-82DF6C635B2D}.Release|x64.ActiveCfg = Release|x64
		{F653CCEE-FD7C-3185-A4B2-82DF6C635B2D}.Release|x64.Build.0 = Release|x64
		{F653CCEE-FD7C-3185-A4B2-82DF6C635B2D}.MinSizeRel|x64.ActiveCfg = MinSizeRel|x64
		{F653CCEE-FD7C-3185-A4B2-82DF6C635B2D}.MinSizeRel|x64.Build.0 = MinSizeRel|x64
		{F653CCEE-FD7C-3185-A4B2-82DF6C635B2D}.RelWithDebInfo|x64.ActiveCfg = RelWithDebInfo|x64
		{F653CCEE-FD7C-3185-A4B2-82DF6C635B2D}.RelWithDebInfo|x64.Build.0 = RelWithDebInfo|x64
		{395B1C04-ABE2-36A3-8109-39DF7CDD6975}.Debug|x64.ActiveCfg = Debug|x64
		{395B1C04-ABE2-36A3-8109-39DF7CDD6975}.Release|x64.ActiveCfg = Release|x64
		{395B1C04-ABE2-36A3-8109-39DF7CDD6975}.MinSizeRel|x64.ActiveCfg = MinSizeRel|x64
		{395B1C04-ABE2-36A3-8109-39DF7CDD6975}.RelWithDebInfo|x64.ActiveCfg = RelWithDebInfo|x64
		{3CCCB108-B37C-34E9-A977-F466A0D68F60}.Debug|x64.ActiveCfg = Debug|x64
		{3CCCB108-B37C-34E9-A977-F466A0D68F60}.Release|x64.ActiveCfg = Release|x64
		{3CCCB108-B37C-34E9-A977-F466A0D68F60}.MinSizeRel|x64.ActiveCfg = MinSizeRel|x64
		{3CCCB108-B37C-34E9-A977-F466A0D68F60}.RelWithDebInfo|x64.ActiveCfg = RelWithDebInfo|x64
		{A728C602-1F99-3CB0-83F1-F341DA81CE31}.Debug|x64.ActiveCfg = Debug|x64
		{A728C602-1F99-3CB0-83F1-F341DA81CE31}.Debug|x64.Build.0 = Debug|x64
		{A728C602-1F99-3CB0-83F1-F341DA81CE31}.Release|x64.ActiveCfg = Release|x64
		{A728C602-1F99-3CB0-83F1-F341DA81CE31}.Release|x64.Build.0 = Release|x64
		{A728C602-1F99-3CB0-83F1-F341DA81CE31}.MinSizeRel|x64.ActiveCfg = MinSizeRel|x64
		{A728C602-1F99-3CB0-83F1-F341DA81CE31}.MinSizeRel|x64.Build.0 = MinSizeRel|x64
		{A728C602-1F99-3CB0-83F1-F341DA81CE31}.RelWithDebInfo|x64.ActiveCfg = RelWithDebInfo|x64
		{A728C602-1F99-3CB0-83F1-F341DA81CE31}.RelWithDebInfo|x64.Build.0 = RelWithDebInfo|x64
		{233F9BDC-3E3F-397C-8025-192AD164F3CD}.Debug|x64.ActiveCfg = Debug|x64
		{233F9BDC-3E3F-397C-8025-192AD164F3CD}.Debug|x64.Build.0 = Debug|x64
		{233F9BDC-3E3F-397C-8025-192AD164F3CD}.Release|x64.ActiveCfg = Release|x64
		{233F9BDC-3E3F-397C-8025-192AD164F3CD}.Release|x64.Build.0 = Release|x64
		{233F9BDC-3E3F-397C-8025-192AD164F3CD}.MinSizeRel|x64.ActiveCfg = MinSizeRel|x64
		{233F9BDC-3E3F-397C-8025-192AD164F3CD}.MinSizeRel|x64.Build.0 = MinSizeRel|x64
		{233F9BDC-3E3F-397C-8025-192AD164F3CD}.RelWithDebInfo|x64.ActiveCfg = RelWithDebInfo|x64
		{233F9BDC-3E3F-397C-8025-192AD164F3CD}.RelWithDebInfo|x64.Build.0 = RelWithDebInfo|x64
	EndGlobalSection
	GlobalSection(NestedProjects) = preSolution
		{D19E3B5D-99A1-3F55-996F-DA32FC631FC9} = {EF9F615D-B710-30D7-AA58-3E49F8B09D0A}
		{DAAFE079-7173-34CF-A3C2-3367E2B26A5D} = {EF9F615D-B710-30D7-AA58-3E49F8B09D0A}
		{C929A130-CF04-3611-A5E0-80A15D891F9F} = {EF9F615D-B710-30D7-AA58-3E49F8B09D0A}
		{B238C555-0490-3263-A817-C172F439EE45} = {B9BCCEF6-47E3-32A6-8E84-2F613AA06379}
		{FB15E98C-CE99-3ABA-A62E-D0561D9183A1} = {B9BCCEF6-47E3-32A6-8E84-2F613AA06379}
		{BD6D1684-F99D-33E8-B7F1-5396D26AD5D4} = {B9BCCEF6-47E3-32A6-8E84-2F613AA06379}
		{395B1C04-ABE2-36A3-8109-39DF7CDD6975} = {B9BCCEF6-47E3-32A6-8E84-2F613AA06379}
		{3CCCB108-B37C-34E9-A977-F466A0D68F60} = {B9BCCEF6-47E3-32A6-8E84-2F613AA06379}
		{04CC0C8F-94BA-3C0C-B7C7-390A3951557D} = {B238C555-0490-3263-A817-C172F439EE45}
		{F246AE14-26CF-3DCE-B15E-4D048BB4D35B} = {B238C555-0490-3263-A817-C172F439EE45}
		{C9D97CA5-02FD-3996-A2DB-63CF7A1278A5} = {B238C555-0490-3263-A817-C172F439EE45}
		{B5A2C820-BC37-3EBD-A3D2-5DEE28477541} = {B238C555-0490-3263-A817-C172F439EE45}
		{277CBE72-78AE-37C9-BDBE-9C7D4B6A226B} = {B238C555-0490-3263-A817-C172F439EE45}
		{DD593A22-655F-3266-A400-0A76D364D1EE} = {B238C555-0490-3263-A817-C172F439EE45}
		{8EF24DF8-AFFB-3B01-9AF1-E2CFC0CB4F16} = {B238C555-0490-3263-A817-C172F439EE45}
		{B58B5EE7-B37A-3961-BF55-510098636A8E} = {B238C555-0490-3263-A817-C172F439EE45}
		{A728C602-1F99-3CB0-83F1-F341DA81CE31} = {B238C555-0490-3263-A817-C172F439EE45}
		{302A1862-973E-311D-9D4A-74567FC039C2} = {FB15E98C-CE99-3ABA-A62E-D0561D9183A1}
		{2E97DFBE-3B31-3EA3-B37C-8E152DF2A34A} = {FB15E98C-CE99-3ABA-A62E-D0561D9183A1}
		{DA6F3D59-5EAB-3F6F-8966-25FD8E45845E} = {FB15E98C-CE99-3ABA-A62E-D0561D9183A1}
		{7447F179-AD6A-33F4-98F5-CA2DC2CD2FAE} = {FB15E98C-CE99-3ABA-A62E-D0561D9183A1}
		{DA726157-6BAC-300D-8EC0-683B78CFB424} = {FB15E98C-CE99-3ABA-A62E-D0561D9183A1}
		{405C8E8E-4C8E-3D6F-83BB-96CACF7364E1} = {FB15E98C-CE99-3ABA-A62E-D0561D9183A1}
		{D58BB8A8-41B8-3B79-A075-ABC0C4285EC5} = {FB15E98C-CE99-3ABA-A62E-D0561D9183A1}
		{8F9BF26D-F506-335B-A23C-89F5BFE6EB00} = {FB15E98C-CE99-3ABA-A62E-D0561D9183A1}
		{8E5DC16D-6354-3DD4-AACE-8F205DD0EB14} = {FB15E98C-CE99-3ABA-A62E-D0561D9183A1}
		{9122F2A9-339D-3C6D-A84E-1CB9A06D7127} = {FB15E98C-CE99-3ABA-A62E-D0561D9183A1}
		{EA96DEAE-AC4C-3D0C-94CE-A58BD26D9951} = {FB15E98C-CE99-3ABA-A62E-D0561D9183A1}
		{4C8722ED-34F8-31CA-A043-95E4512D21B7} = {FB15E98C-CE99-3ABA-A62E-D0561D9183A1}
		{9F89598E-74E9-3F1D-BFCB-E51463D94D7A} = {FB15E98C-CE99-3ABA-A62E-D0561D9183A1}
		{99D1487B-C523-3584-9578-ADB1321C6E36} = {FB15E98C-CE99-3ABA-A62E-D0561D9183A1}
		{FD232EB5-CA57-324F-85CC-51E8AC8BA804} = {FB15E98C-CE99-3ABA-A62E-D0561D9183A1}
		{986EC0FA-531D-32B8-BF3B-D322B342DA10} = {FB15E98C-CE99-3ABA-A62E-D0561D9183A1}
		{4AE41F85-74DB-3A48-85F6-3318F96599AB} = {FB15E98C-CE99-3ABA-A62E-D0561D9183A1}
		{CE587858-7549-3E9B-84C8-AE9302CCCC87} = {FB15E98C-CE99-3ABA-A62E-D0561D9183A1}
		{F653CCEE-FD7C-3185-A4B2-82DF6C635B2D} = {FB15E98C-CE99-3ABA-A62E-D0561D9183A1}
		{233F9BDC-3E3F-397C-8025-192AD164F3CD} = {FB15E98C-CE99-3ABA-A62E-D0561D9183A1}
	EndGlobalSection
	GlobalSection(ExtensibilityGlobals) = postSolution
		SolutionGuid = {7B95CA68-0037-337A-8A05-5D480090634F}
	EndGlobalSection
	GlobalSection(ExtensibilityAddIns) = postSolution
	EndGlobalSection
EndGlobal
