<?xml version="1.0" encoding="utf-8"?>
<Project ToolsVersion="17.0" xmlns="http://schemas.microsoft.com/developer/msbuild/2003">
  <ItemGroup>
    <CustomBuild Include="C:\Users\domin\OneDrive\Stalinis kompiuteris\glfw_build\CMakeFiles\2da6e9ad01f6ddc059ade483650a2569\INSTALL_force.rule">
      <Filter>CMake Rules</Filter>
    </CustomBuild>
  </ItemGroup>
  <ItemGroup>
    <Filter Include="CMake Rules">
      <UniqueIdentifier>{255BE7FF-96FE-3583-B66F-6F8601E1A08A}</UniqueIdentifier>
    </Filter>
  </ItemGroup>
</Project>
